{
  "name": "static-site-generator",
  "version": "1.0.0",
  "lockfileVersion": 3,
  "requires": true,
  "packages": {
    "": {
      "name": "static-site-generator",
      "version": "1.0.0",
      "license": "ISC",
      "dependencies": {
        "marked": "^15.0.5"
      }
    },
    "node_modules/marked": {
      "version": "15.0.5",
      "resolved": "https://registry.npmjs.org/marked/-/marked-15.0.5.tgz",
      "integrity": "sha512-xN+kSuqHjxWg+Q47yhhZMUP+kO1qHobvXkkm6FX+7N6lDvanLDd8H7AQ0jWDDyq+fDt/cSrJaBGyWYHXy0KQWA==",
      "bin": {
        "marked": "bin/marked.js"
      },
      "engines": {
        "node": ">= 18"
      }
    }
  }
}
